// !$*UTF8*$!
{
	archiveVersion = 1;
	classes = {
	};
	objectVersion = 56;
	objects = {

/* Begin PBXBuildFile section */
		F473E31E2A4E1221002884AB /* UIBlockingProgressHUD.swift in Sources */ = {isa = PBXBuildFile; fileRef = F473E31D2A4E1221002884AB /* UIBlockingProgressHUD.swift */; };
		F473E3202A5C3FA0002884AB /* ProfileService.swift in Sources */ = {isa = PBXBuildFile; fileRef = F473E31F2A5C3FA0002884AB /* ProfileService.swift */; };
		F473E3222A5F2C56002884AB /* ProfileImageService.swift in Sources */ = {isa = PBXBuildFile; fileRef = F473E3212A5F2C56002884AB /* ProfileImageService.swift */; };
		F473E3252A61B275002884AB /* Kingfisher in Frameworks */ = {isa = PBXBuildFile; productRef = F473E3242A61B275002884AB /* Kingfisher */; };
		F473E3282A659C59002884AB /* SwiftKeychainWrapper in Frameworks */ = {isa = PBXBuildFile; productRef = F473E3272A659C59002884AB /* SwiftKeychainWrapper */; };
		F473E32A2A65AE4D002884AB /* TabBarController.swift in Sources */ = {isa = PBXBuildFile; fileRef = F473E3292A65AE4D002884AB /* TabBarController.swift */; };
		F482F83F2A40BC5A00B0C8BF /* OAuthTokenResponseBody.swift in Sources */ = {isa = PBXBuildFile; fileRef = F482F83E2A40BC5A00B0C8BF /* OAuthTokenResponseBody.swift */; };
		F482F8422A40BD9000B0C8BF /* OAuth2Service.swift in Sources */ = {isa = PBXBuildFile; fileRef = F482F8412A40BD9000B0C8BF /* OAuth2Service.swift */; };
		F482F8442A40C24A00B0C8BF /* OAuth2TokenStorage.swift in Sources */ = {isa = PBXBuildFile; fileRef = F482F8432A40C24A00B0C8BF /* OAuth2TokenStorage.swift */; };
		F4957D0B2A4821EC0030CCC6 /* SplashViewController.swift in Sources */ = {isa = PBXBuildFile; fileRef = F4957D0A2A4821EC0030CCC6 /* SplashViewController.swift */; };
		F4A98E392A683972009C685A /* ImagesListService.swift in Sources */ = {isa = PBXBuildFile; fileRef = F4A98E382A683972009C685A /* ImagesListService.swift */; };
		F4A98E3B2A6AD1C6009C685A /* UserResult.swift in Sources */ = {isa = PBXBuildFile; fileRef = F4A98E3A2A6AD1C6009C685A /* UserResult.swift */; };
		F4A98E3D2A6AD283009C685A /* ProfileResult.swift in Sources */ = {isa = PBXBuildFile; fileRef = F4A98E3C2A6AD283009C685A /* ProfileResult.swift */; };
		F4A98E3F2A6AD2A8009C685A /* Profile.swift in Sources */ = {isa = PBXBuildFile; fileRef = F4A98E3E2A6AD2A8009C685A /* Profile.swift */; };
		F4A98E412A6AD2CD009C685A /* ProfileImage.swift in Sources */ = {isa = PBXBuildFile; fileRef = F4A98E402A6AD2CD009C685A /* ProfileImage.swift */; };
		F4A98E432A6AD3F6009C685A /* UIViewController+Extension.swift in Sources */ = {isa = PBXBuildFile; fileRef = F4A98E422A6AD3F6009C685A /* UIViewController+Extension.swift */; };
		F4AC20A82A04430A000B8F7A /* AppDelegate.swift in Sources */ = {isa = PBXBuildFile; fileRef = F4AC20A72A04430A000B8F7A /* AppDelegate.swift */; };
		F4AC20AA2A04430A000B8F7A /* SceneDelegate.swift in Sources */ = {isa = PBXBuildFile; fileRef = F4AC20A92A04430A000B8F7A /* SceneDelegate.swift */; };
		F4AC20AC2A04430A000B8F7A /* ImagesListViewController.swift in Sources */ = {isa = PBXBuildFile; fileRef = F4AC20AB2A04430A000B8F7A /* ImagesListViewController.swift */; };
		F4AC20AF2A04430A000B8F7A /* Main.storyboard in Resources */ = {isa = PBXBuildFile; fileRef = F4AC20AD2A04430A000B8F7A /* Main.storyboard */; };
		F4AC20B12A04430C000B8F7A /* Assets.xcassets in Resources */ = {isa = PBXBuildFile; fileRef = F4AC20B02A04430C000B8F7A /* Assets.xcassets */; };
		F4AC20B42A04430C000B8F7A /* LaunchScreen.storyboard in Resources */ = {isa = PBXBuildFile; fileRef = F4AC20B22A04430C000B8F7A /* LaunchScreen.storyboard */; };
		F4AFADBE2A293C2100B4A8FE /* UIColor+Extensions.swift in Sources */ = {isa = PBXBuildFile; fileRef = F4AFADBD2A293C2100B4A8FE /* UIColor+Extensions.swift */; };
		F4AFADC02A2BB1A300B4A8FE /* Constants.swift in Sources */ = {isa = PBXBuildFile; fileRef = F4AFADBF2A2BB1A300B4A8FE /* Constants.swift */; };
		F4AFADC32A36437F00B4A8FE /* AuthViewController.swift in Sources */ = {isa = PBXBuildFile; fileRef = F4AFADC22A36437F00B4A8FE /* AuthViewController.swift */; };
		F4AFADC52A38F70500B4A8FE /* WebViewViewController.swift in Sources */ = {isa = PBXBuildFile; fileRef = F4AFADC42A38F70500B4A8FE /* WebViewViewController.swift */; };
		F4C2B82D2A6C20B500DEB74F /* PhotoResult.swift in Sources */ = {isa = PBXBuildFile; fileRef = F4C2B82C2A6C20B500DEB74F /* PhotoResult.swift */; };
		F4C2B82F2A6C238400DEB74F /* UrlsResult.swift in Sources */ = {isa = PBXBuildFile; fileRef = F4C2B82E2A6C238400DEB74F /* UrlsResult.swift */; };
		F4C2B8312A6C23CA00DEB74F /* Photo.swift in Sources */ = {isa = PBXBuildFile; fileRef = F4C2B8302A6C23CA00DEB74F /* Photo.swift */; };
		F4C718952A7037B100302D64 /* LikeResult.swift in Sources */ = {isa = PBXBuildFile; fileRef = F4C718942A7037B100302D64 /* LikeResult.swift */; };
		F4D714772A489F740087A0AF /* ProgressHUD in Frameworks */ = {isa = PBXBuildFile; productRef = F4D714762A489F740087A0AF /* ProgressHUD */; };
		F4D86A3E2A0EB72B001011B0 /* ImagesListCell.swift in Sources */ = {isa = PBXBuildFile; fileRef = F4D86A3D2A0EB72B001011B0 /* ImagesListCell.swift */; };
		F4DA53402A22827C00B5D88E /* SingleImageViewController.swift in Sources */ = {isa = PBXBuildFile; fileRef = F4DA533F2A22827C00B5D88E /* SingleImageViewController.swift */; };
		F4DCA63E2A1D321400778023 /* ProfileViewController.swift in Sources */ = {isa = PBXBuildFile; fileRef = F4DCA63D2A1D321400778023 /* ProfileViewController.swift */; };
		F4F619912A44DFD3001FC8A4 /* URLSession+Extension.swift in Sources */ = {isa = PBXBuildFile; fileRef = F4F619902A44DFD3001FC8A4 /* URLSession+Extension.swift */; };
		F4F619932A473AE5001FC8A4 /* URLRequest+Extension.swift in Sources */ = {isa = PBXBuildFile; fileRef = F4F619922A473AE5001FC8A4 /* URLRequest+Extension.swift */; };
/* End PBXBuildFile section */

/* Begin PBXContainerItemProxy section */
		F4C2B8272A6C075800DEB74F /* PBXContainerItemProxy */ = {
			isa = PBXContainerItemProxy;
			containerPortal = F4AC209C2A04430A000B8F7A /* Project object */;
			proxyType = 1;
			remoteGlobalIDString = F4AC20A32A04430A000B8F7A;
			remoteInfo = ImageFeed;
		};
/* End PBXContainerItemProxy section */

/* Begin PBXFileReference section */
		F473E31D2A4E1221002884AB /* UIBlockingProgressHUD.swift */ = {isa = PBXFileReference; lastKnownFileType = sourcecode.swift; path = UIBlockingProgressHUD.swift; sourceTree = "<group>"; };
		F473E31F2A5C3FA0002884AB /* ProfileService.swift */ = {isa = PBXFileReference; lastKnownFileType = sourcecode.swift; path = ProfileService.swift; sourceTree = "<group>"; };
		F473E3212A5F2C56002884AB /* ProfileImageService.swift */ = {isa = PBXFileReference; lastKnownFileType = sourcecode.swift; path = ProfileImageService.swift; sourceTree = "<group>"; };
		F473E3292A65AE4D002884AB /* TabBarController.swift */ = {isa = PBXFileReference; lastKnownFileType = sourcecode.swift; path = TabBarController.swift; sourceTree = "<group>"; };
		F482F83E2A40BC5A00B0C8BF /* OAuthTokenResponseBody.swift */ = {isa = PBXFileReference; lastKnownFileType = sourcecode.swift; path = OAuthTokenResponseBody.swift; sourceTree = "<group>"; };
		F482F8412A40BD9000B0C8BF /* OAuth2Service.swift */ = {isa = PBXFileReference; lastKnownFileType = sourcecode.swift; path = OAuth2Service.swift; sourceTree = "<group>"; };
		F482F8432A40C24A00B0C8BF /* OAuth2TokenStorage.swift */ = {isa = PBXFileReference; lastKnownFileType = sourcecode.swift; path = OAuth2TokenStorage.swift; sourceTree = "<group>"; };
		F4957D0A2A4821EC0030CCC6 /* SplashViewController.swift */ = {isa = PBXFileReference; lastKnownFileType = sourcecode.swift; path = SplashViewController.swift; sourceTree = "<group>"; };
		F4A98E382A683972009C685A /* ImagesListService.swift */ = {isa = PBXFileReference; lastKnownFileType = sourcecode.swift; path = ImagesListService.swift; sourceTree = "<group>"; };
		F4A98E3A2A6AD1C6009C685A /* UserResult.swift */ = {isa = PBXFileReference; lastKnownFileType = sourcecode.swift; path = UserResult.swift; sourceTree = "<group>"; };
		F4A98E3C2A6AD283009C685A /* ProfileResult.swift */ = {isa = PBXFileReference; lastKnownFileType = sourcecode.swift; path = ProfileResult.swift; sourceTree = "<group>"; };
		F4A98E3E2A6AD2A8009C685A /* Profile.swift */ = {isa = PBXFileReference; lastKnownFileType = sourcecode.swift; path = Profile.swift; sourceTree = "<group>"; };
		F4A98E402A6AD2CD009C685A /* ProfileImage.swift */ = {isa = PBXFileReference; lastKnownFileType = sourcecode.swift; path = ProfileImage.swift; sourceTree = "<group>"; };
		F4A98E422A6AD3F6009C685A /* UIViewController+Extension.swift */ = {isa = PBXFileReference; lastKnownFileType = sourcecode.swift; path = "UIViewController+Extension.swift"; sourceTree = "<group>"; };
		F4AC20A42A04430A000B8F7A /* ImageFeed.app */ = {isa = PBXFileReference; explicitFileType = wrapper.application; includeInIndex = 0; path = ImageFeed.app; sourceTree = BUILT_PRODUCTS_DIR; };
		F4AC20A72A04430A000B8F7A /* AppDelegate.swift */ = {isa = PBXFileReference; lastKnownFileType = sourcecode.swift; path = AppDelegate.swift; sourceTree = "<group>"; };
		F4AC20A92A04430A000B8F7A /* SceneDelegate.swift */ = {isa = PBXFileReference; lastKnownFileType = sourcecode.swift; path = SceneDelegate.swift; sourceTree = "<group>"; };
		F4AC20AB2A04430A000B8F7A /* ImagesListViewController.swift */ = {isa = PBXFileReference; lastKnownFileType = sourcecode.swift; path = ImagesListViewController.swift; sourceTree = "<group>"; };
		F4AC20AE2A04430A000B8F7A /* Base */ = {isa = PBXFileReference; lastKnownFileType = file.storyboard; name = Base; path = Base.lproj/Main.storyboard; sourceTree = "<group>"; };
		F4AC20B02A04430C000B8F7A /* Assets.xcassets */ = {isa = PBXFileReference; lastKnownFileType = folder.assetcatalog; path = Assets.xcassets; sourceTree = "<group>"; };
		F4AC20B32A04430C000B8F7A /* Base */ = {isa = PBXFileReference; lastKnownFileType = file.storyboard; name = Base; path = Base.lproj/LaunchScreen.storyboard; sourceTree = "<group>"; };
		F4AC20B52A04430C000B8F7A /* Info.plist */ = {isa = PBXFileReference; lastKnownFileType = text.plist.xml; path = Info.plist; sourceTree = "<group>"; };
		F4AFADBD2A293C2100B4A8FE /* UIColor+Extensions.swift */ = {isa = PBXFileReference; lastKnownFileType = sourcecode.swift; path = "UIColor+Extensions.swift"; sourceTree = "<group>"; };
		F4AFADBF2A2BB1A300B4A8FE /* Constants.swift */ = {isa = PBXFileReference; lastKnownFileType = sourcecode.swift; path = Constants.swift; sourceTree = "<group>"; };
		F4AFADC22A36437F00B4A8FE /* AuthViewController.swift */ = {isa = PBXFileReference; lastKnownFileType = sourcecode.swift; path = AuthViewController.swift; sourceTree = "<group>"; };
		F4AFADC42A38F70500B4A8FE /* WebViewViewController.swift */ = {isa = PBXFileReference; lastKnownFileType = sourcecode.swift; path = WebViewViewController.swift; sourceTree = "<group>"; };
		F4C2B8232A6C075800DEB74F /* ImageFeedTests.xctest */ = {isa = PBXFileReference; explicitFileType = wrapper.cfbundle; includeInIndex = 0; path = ImageFeedTests.xctest; sourceTree = BUILT_PRODUCTS_DIR; };
		F4C2B82C2A6C20B500DEB74F /* PhotoResult.swift */ = {isa = PBXFileReference; lastKnownFileType = sourcecode.swift; path = PhotoResult.swift; sourceTree = "<group>"; };
		F4C2B82E2A6C238400DEB74F /* UrlsResult.swift */ = {isa = PBXFileReference; lastKnownFileType = sourcecode.swift; path = UrlsResult.swift; sourceTree = "<group>"; };
		F4C2B8302A6C23CA00DEB74F /* Photo.swift */ = {isa = PBXFileReference; lastKnownFileType = sourcecode.swift; path = Photo.swift; sourceTree = "<group>"; };
		F4C718942A7037B100302D64 /* LikeResult.swift */ = {isa = PBXFileReference; lastKnownFileType = sourcecode.swift; path = LikeResult.swift; sourceTree = "<group>"; };
		F4D86A3D2A0EB72B001011B0 /* ImagesListCell.swift */ = {isa = PBXFileReference; lastKnownFileType = sourcecode.swift; path = ImagesListCell.swift; sourceTree = "<group>"; };
		F4DA533F2A22827C00B5D88E /* SingleImageViewController.swift */ = {isa = PBXFileReference; lastKnownFileType = sourcecode.swift; path = SingleImageViewController.swift; sourceTree = "<group>"; };
		F4DCA63D2A1D321400778023 /* ProfileViewController.swift */ = {isa = PBXFileReference; lastKnownFileType = sourcecode.swift; path = ProfileViewController.swift; sourceTree = "<group>"; };
		F4F619902A44DFD3001FC8A4 /* URLSession+Extension.swift */ = {isa = PBXFileReference; lastKnownFileType = sourcecode.swift; path = "URLSession+Extension.swift"; sourceTree = "<group>"; };
		F4F619922A473AE5001FC8A4 /* URLRequest+Extension.swift */ = {isa = PBXFileReference; lastKnownFileType = sourcecode.swift; path = "URLRequest+Extension.swift"; sourceTree = "<group>"; };
/* End PBXFileReference section */

/* Begin PBXFrameworksBuildPhase section */
		F4AC20A12A04430A000B8F7A /* Frameworks */ = {
			isa = PBXFrameworksBuildPhase;
			buildActionMask = 2147483647;
			files = (
				F473E3252A61B275002884AB /* Kingfisher in Frameworks */,
				F4D714772A489F740087A0AF /* ProgressHUD in Frameworks */,
				F473E3282A659C59002884AB /* SwiftKeychainWrapper in Frameworks */,
			);
			runOnlyForDeploymentPostprocessing = 0;
		};
		F4C2B8202A6C075800DEB74F /* Frameworks */ = {
			isa = PBXFrameworksBuildPhase;
			buildActionMask = 2147483647;
			files = (
			);
			runOnlyForDeploymentPostprocessing = 0;
		};
/* End PBXFrameworksBuildPhase section */

/* Begin PBXGroup section */
		F4795E452A2675B700B2AC51 /* SingleImageViewController */ = {
			isa = PBXGroup;
			children = (
				F4DA533F2A22827C00B5D88E /* SingleImageViewController.swift */,
			);
			path = SingleImageViewController;
			sourceTree = "<group>";
		};
		F482F8402A40BD5000B0C8BF /* Models */ = {
			isa = PBXGroup;
			children = (
				F482F83E2A40BC5A00B0C8BF /* OAuthTokenResponseBody.swift */,
				F482F8432A40C24A00B0C8BF /* OAuth2TokenStorage.swift */,
			);
			path = Models;
			sourceTree = "<group>";
		};
		F4957D0C2A4822140030CCC6 /* Splash */ = {
			isa = PBXGroup;
			children = (
				F4957D0A2A4821EC0030CCC6 /* SplashViewController.swift */,
			);
			path = Splash;
			sourceTree = "<group>";
		};
		F4AC209B2A04430A000B8F7A = {
			isa = PBXGroup;
			children = (
				F4AC20A62A04430A000B8F7A /* ImageFeed */,
				F4AC20A52A04430A000B8F7A /* Products */,
			);
			sourceTree = "<group>";
		};
		F4AC20A52A04430A000B8F7A /* Products */ = {
			isa = PBXGroup;
			children = (
				F4AC20A42A04430A000B8F7A /* ImageFeed.app */,
				F4C2B8232A6C075800DEB74F /* ImageFeedTests.xctest */,
			);
			name = Products;
			sourceTree = "<group>";
		};
		F4AC20A62A04430A000B8F7A /* ImageFeed */ = {
			isa = PBXGroup;
			children = (
				F4AC20A72A04430A000B8F7A /* AppDelegate.swift */,
				F4AC20A92A04430A000B8F7A /* SceneDelegate.swift */,
				F4AFADBF2A2BB1A300B4A8FE /* Constants.swift */,
				F4957D0C2A4822140030CCC6 /* Splash */,
				F482F8402A40BD5000B0C8BF /* Models */,
				F4AFADC12A36436F00B4A8FE /* Auth */,
				F4DCA63F2A1D3F8D00778023 /* Profile */,
				F4D86A402A0EB79E001011B0 /* ImagesList */,
				F4795E452A2675B700B2AC51 /* SingleImageViewController */,
				F4AFADBC2A293C1100B4A8FE /* Helpers */,
				F4AC20AD2A04430A000B8F7A /* Main.storyboard */,
				F4AC20B22A04430C000B8F7A /* LaunchScreen.storyboard */,
				F4AC20B02A04430C000B8F7A /* Assets.xcassets */,
				F4AC20B52A04430C000B8F7A /* Info.plist */,
				F473E31D2A4E1221002884AB /* UIBlockingProgressHUD.swift */,
				F473E3292A65AE4D002884AB /* TabBarController.swift */,
			);
			path = ImageFeed;
			sourceTree = "<group>";
		};
		F4AFADBC2A293C1100B4A8FE /* Helpers */ = {
			isa = PBXGroup;
			children = (
				F4A98E422A6AD3F6009C685A /* UIViewController+Extension.swift */,
				F4AFADBD2A293C2100B4A8FE /* UIColor+Extensions.swift */,
				F4F619902A44DFD3001FC8A4 /* URLSession+Extension.swift */,
				F4F619922A473AE5001FC8A4 /* URLRequest+Extension.swift */,
			);
			path = Helpers;
			sourceTree = "<group>";
		};
		F4AFADC12A36436F00B4A8FE /* Auth */ = {
			isa = PBXGroup;
			children = (
				F4AFADC22A36437F00B4A8FE /* AuthViewController.swift */,
				F4AFADC42A38F70500B4A8FE /* WebViewViewController.swift */,
				F482F8412A40BD9000B0C8BF /* OAuth2Service.swift */,
			);
			path = Auth;
			sourceTree = "<group>";
		};
		F4D86A402A0EB79E001011B0 /* ImagesList */ = {
			isa = PBXGroup;
			children = (
				F4AC20AB2A04430A000B8F7A /* ImagesListViewController.swift */,
				F4D86A3D2A0EB72B001011B0 /* ImagesListCell.swift */,
				F4A98E382A683972009C685A /* ImagesListService.swift */,
				F4C2B82C2A6C20B500DEB74F /* PhotoResult.swift */,
				F4C2B82E2A6C238400DEB74F /* UrlsResult.swift */,
				F4C718942A7037B100302D64 /* LikeResult.swift */,
				F4C2B8302A6C23CA00DEB74F /* Photo.swift */,
			);
			path = ImagesList;
			sourceTree = "<group>";
		};
		F4DCA63F2A1D3F8D00778023 /* Profile */ = {
			isa = PBXGroup;
			children = (
				F4DCA63D2A1D321400778023 /* ProfileViewController.swift */,
				F473E3212A5F2C56002884AB /* ProfileImageService.swift */,
				F473E31F2A5C3FA0002884AB /* ProfileService.swift */,
				F4A98E3A2A6AD1C6009C685A /* UserResult.swift */,
				F4A98E3C2A6AD283009C685A /* ProfileResult.swift */,
				F4A98E3E2A6AD2A8009C685A /* Profile.swift */,
				F4A98E402A6AD2CD009C685A /* ProfileImage.swift */,
			);
			path = Profile;
			sourceTree = "<group>";
		};
/* End PBXGroup section */

/* Begin PBXNativeTarget section */
		F4AC20A32A04430A000B8F7A /* ImageFeed */ = {
			isa = PBXNativeTarget;
			buildConfigurationList = F4AC20B82A04430C000B8F7A /* Build configuration list for PBXNativeTarget "ImageFeed" */;
			buildPhases = (
				F4AC20A02A04430A000B8F7A /* Sources */,
				F4AC20A12A04430A000B8F7A /* Frameworks */,
				F4AC20A22A04430A000B8F7A /* Resources */,
			);
			buildRules = (
			);
			dependencies = (
			);
			name = ImageFeed;
			packageProductDependencies = (
				F4D714762A489F740087A0AF /* ProgressHUD */,
				F473E3242A61B275002884AB /* Kingfisher */,
				F473E3272A659C59002884AB /* SwiftKeychainWrapper */,
			);
			productName = ImageFeed;
			productReference = F4AC20A42A04430A000B8F7A /* ImageFeed.app */;
			productType = "com.apple.product-type.application";
		};
		F4C2B8222A6C075800DEB74F /* ImageFeedTests */ = {
			isa = PBXNativeTarget;
			buildConfigurationList = F4C2B82B2A6C075800DEB74F /* Build configuration list for PBXNativeTarget "ImageFeedTests" */;
			buildPhases = (
				F4C2B81F2A6C075800DEB74F /* Sources */,
				F4C2B8202A6C075800DEB74F /* Frameworks */,
				F4C2B8212A6C075800DEB74F /* Resources */,
			);
			buildRules = (
			);
			dependencies = (
				F4C2B8282A6C075800DEB74F /* PBXTargetDependency */,
			);
			name = ImageFeedTests;
			productName = ImageFeedTests;
			productReference = F4C2B8232A6C075800DEB74F /* ImageFeedTests.xctest */;
			productType = "com.apple.product-type.bundle.unit-test";
		};
/* End PBXNativeTarget section */

/* Begin PBXProject section */
		F4AC209C2A04430A000B8F7A /* Project object */ = {
			isa = PBXProject;
			attributes = {
				BuildIndependentTargetsInParallel = 1;
				LastSwiftUpdateCheck = 1430;
				LastUpgradeCheck = 1430;
				TargetAttributes = {
					F4AC20A32A04430A000B8F7A = {
						CreatedOnToolsVersion = 14.3;
					};
					F4C2B8222A6C075800DEB74F = {
						CreatedOnToolsVersion = 14.3;
						TestTargetID = F4AC20A32A04430A000B8F7A;
					};
				};
			};
			buildConfigurationList = F4AC209F2A04430A000B8F7A /* Build configuration list for PBXProject "ImageFeed" */;
			compatibilityVersion = "Xcode 14.0";
			developmentRegion = en;
			hasScannedForEncodings = 0;
			knownRegions = (
				en,
				Base,
			);
			mainGroup = F4AC209B2A04430A000B8F7A;
			packageReferences = (
				F4D714752A489F740087A0AF /* XCRemoteSwiftPackageReference "ProgressHUD" */,
				F473E3232A61B275002884AB /* XCRemoteSwiftPackageReference "Kingfisher" */,
				F473E3262A659C58002884AB /* XCRemoteSwiftPackageReference "SwiftKeychainWrapper" */,
			);
			productRefGroup = F4AC20A52A04430A000B8F7A /* Products */;
			projectDirPath = "";
			projectRoot = "";
			targets = (
				F4AC20A32A04430A000B8F7A /* ImageFeed */,
				F4C2B8222A6C075800DEB74F /* ImageFeedTests */,
			);
		};
/* End PBXProject section */

/* Begin PBXResourcesBuildPhase section */
		F4AC20A22A04430A000B8F7A /* Resources */ = {
			isa = PBXResourcesBuildPhase;
			buildActionMask = 2147483647;
			files = (
				F4AC20B42A04430C000B8F7A /* LaunchScreen.storyboard in Resources */,
				F4AC20B12A04430C000B8F7A /* Assets.xcassets in Resources */,
				F4AC20AF2A04430A000B8F7A /* Main.storyboard in Resources */,
			);
			runOnlyForDeploymentPostprocessing = 0;
		};
		F4C2B8212A6C075800DEB74F /* Resources */ = {
			isa = PBXResourcesBuildPhase;
			buildActionMask = 2147483647;
			files = (
			);
			runOnlyForDeploymentPostprocessing = 0;
		};
/* End PBXResourcesBuildPhase section */

/* Begin PBXSourcesBuildPhase section */
		F4AC20A02A04430A000B8F7A /* Sources */ = {
			isa = PBXSourcesBuildPhase;
			buildActionMask = 2147483647;
			files = (
				F4A98E3D2A6AD283009C685A /* ProfileResult.swift in Sources */,
				F4A98E412A6AD2CD009C685A /* ProfileImage.swift in Sources */,
				F4AFADC52A38F70500B4A8FE /* WebViewViewController.swift in Sources */,
				F4AC20AC2A04430A000B8F7A /* ImagesListViewController.swift in Sources */,
				F4A98E3F2A6AD2A8009C685A /* Profile.swift in Sources */,
				F4F619912A44DFD3001FC8A4 /* URLSession+Extension.swift in Sources */,
				F4C2B82D2A6C20B500DEB74F /* PhotoResult.swift in Sources */,
				F482F8422A40BD9000B0C8BF /* OAuth2Service.swift in Sources */,
				F4A98E392A683972009C685A /* ImagesListService.swift in Sources */,
				F4D86A3E2A0EB72B001011B0 /* ImagesListCell.swift in Sources */,
				F4A98E3B2A6AD1C6009C685A /* UserResult.swift in Sources */,
				F4DCA63E2A1D321400778023 /* ProfileViewController.swift in Sources */,
				F4C2B82F2A6C238400DEB74F /* UrlsResult.swift in Sources */,
				F482F83F2A40BC5A00B0C8BF /* OAuthTokenResponseBody.swift in Sources */,
				F4AC20A82A04430A000B8F7A /* AppDelegate.swift in Sources */,
				F4AFADBE2A293C2100B4A8FE /* UIColor+Extensions.swift in Sources */,
				F4A98E432A6AD3F6009C685A /* UIViewController+Extension.swift in Sources */,
				F4DA53402A22827C00B5D88E /* SingleImageViewController.swift in Sources */,
				F4F619932A473AE5001FC8A4 /* URLRequest+Extension.swift in Sources */,
				F473E3222A5F2C56002884AB /* ProfileImageService.swift in Sources */,
				F473E3202A5C3FA0002884AB /* ProfileService.swift in Sources */,
				F473E32A2A65AE4D002884AB /* TabBarController.swift in Sources */,
				F4AC20AA2A04430A000B8F7A /* SceneDelegate.swift in Sources */,
				F4C718952A7037B100302D64 /* LikeResult.swift in Sources */,
				F4AFADC32A36437F00B4A8FE /* AuthViewController.swift in Sources */,
				F482F8442A40C24A00B0C8BF /* OAuth2TokenStorage.swift in Sources */,
				F4AFADC02A2BB1A300B4A8FE /* Constants.swift in Sources */,
				F4957D0B2A4821EC0030CCC6 /* SplashViewController.swift in Sources */,
				F473E31E2A4E1221002884AB /* UIBlockingProgressHUD.swift in Sources */,
				F4C2B8312A6C23CA00DEB74F /* Photo.swift in Sources */,
			);
			runOnlyForDeploymentPostprocessing = 0;
		};
		F4C2B81F2A6C075800DEB74F /* Sources */ = {
			isa = PBXSourcesBuildPhase;
			buildActionMask = 2147483647;
			files = (
			);
			runOnlyForDeploymentPostprocessing = 0;
		};
/* End PBXSourcesBuildPhase section */

/* Begin PBXTargetDependency section */
		F4C2B8282A6C075800DEB74F /* PBXTargetDependency */ = {
			isa = PBXTargetDependency;
			target = F4AC20A32A04430A000B8F7A /* ImageFeed */;
			targetProxy = F4C2B8272A6C075800DEB74F /* PBXContainerItemProxy */;
		};
/* End PBXTargetDependency section */

/* Begin PBXVariantGroup section */
		F4AC20AD2A04430A000B8F7A /* Main.storyboard */ = {
			isa = PBXVariantGroup;
			children = (
				F4AC20AE2A04430A000B8F7A /* Base */,
			);
			name = Main.storyboard;
			sourceTree = "<group>";
		};
		F4AC20B22A04430C000B8F7A /* LaunchScreen.storyboard */ = {
			isa = PBXVariantGroup;
			children = (
				F4AC20B32A04430C000B8F7A /* Base */,
			);
			name = LaunchScreen.storyboard;
			sourceTree = "<group>";
		};
/* End PBXVariantGroup section */

/* Begin XCBuildConfiguration section */
		F4AC20B62A04430C000B8F7A /* Debug */ = {
			isa = XCBuildConfiguration;
			buildSettings = {
				ALWAYS_SEARCH_USER_PATHS = NO;
				CLANG_ANALYZER_NONNULL = YES;
				CLANG_ANALYZER_NUMBER_OBJECT_CONVERSION = YES_AGGRESSIVE;
				CLANG_CXX_LANGUAGE_STANDARD = "gnu++20";
				CLANG_ENABLE_MODULES = YES;
				CLANG_ENABLE_OBJC_ARC = YES;
				CLANG_ENABLE_OBJC_WEAK = YES;
				CLANG_WARN_BLOCK_CAPTURE_AUTORELEASING = YES;
				CLANG_WARN_BOOL_CONVERSION = YES;
				CLANG_WARN_COMMA = YES;
				CLANG_WARN_CONSTANT_CONVERSION = YES;
				CLANG_WARN_DEPRECATED_OBJC_IMPLEMENTATIONS = YES;
				CLANG_WARN_DIRECT_OBJC_ISA_USAGE = YES_ERROR;
				CLANG_WARN_DOCUMENTATION_COMMENTS = YES;
				CLANG_WARN_EMPTY_BODY = YES;
				CLANG_WARN_ENUM_CONVERSION = YES;
				CLANG_WARN_INFINITE_RECURSION = YES;
				CLANG_WARN_INT_CONVERSION = YES;
				CLANG_WARN_NON_LITERAL_NULL_CONVERSION = YES;
				CLANG_WARN_OBJC_IMPLICIT_RETAIN_SELF = YES;
				CLANG_WARN_OBJC_LITERAL_CONVERSION = YES;
				CLANG_WARN_OBJC_ROOT_CLASS = YES_ERROR;
				CLANG_WARN_QUOTED_INCLUDE_IN_FRAMEWORK_HEADER = YES;
				CLANG_WARN_RANGE_LOOP_ANALYSIS = YES;
				CLANG_WARN_STRICT_PROTOTYPES = YES;
				CLANG_WARN_SUSPICIOUS_MOVE = YES;
				CLANG_WARN_UNGUARDED_AVAILABILITY = YES_AGGRESSIVE;
				CLANG_WARN_UNREACHABLE_CODE = YES;
				CLANG_WARN__DUPLICATE_METHOD_MATCH = YES;
				COPY_PHASE_STRIP = NO;
				DEBUG_INFORMATION_FORMAT = dwarf;
				ENABLE_STRICT_OBJC_MSGSEND = YES;
				ENABLE_TESTABILITY = YES;
				GCC_C_LANGUAGE_STANDARD = gnu11;
				GCC_DYNAMIC_NO_PIC = NO;
				GCC_NO_COMMON_BLOCKS = YES;
				GCC_OPTIMIZATION_LEVEL = 0;
				GCC_PREPROCESSOR_DEFINITIONS = (
					"DEBUG=1",
					"$(inherited)",
				);
				GCC_WARN_64_TO_32_BIT_CONVERSION = YES;
				GCC_WARN_ABOUT_RETURN_TYPE = YES_ERROR;
				GCC_WARN_UNDECLARED_SELECTOR = YES;
				GCC_WARN_UNINITIALIZED_AUTOS = YES_AGGRESSIVE;
				GCC_WARN_UNUSED_FUNCTION = YES;
				GCC_WARN_UNUSED_VARIABLE = YES;
				IPHONEOS_DEPLOYMENT_TARGET = 13.0;
				MTL_ENABLE_DEBUG_INFO = INCLUDE_SOURCE;
				MTL_FAST_MATH = YES;
				ONLY_ACTIVE_ARCH = YES;
				SDKROOT = iphoneos;
				SWIFT_ACTIVE_COMPILATION_CONDITIONS = DEBUG;
				SWIFT_OPTIMIZATION_LEVEL = "-Onone";
			};
			name = Debug;
		};
		F4AC20B72A04430C000B8F7A /* Release */ = {
			isa = XCBuildConfiguration;
			buildSettings = {
				ALWAYS_SEARCH_USER_PATHS = NO;
				CLANG_ANALYZER_NONNULL = YES;
				CLANG_ANALYZER_NUMBER_OBJECT_CONVERSION = YES_AGGRESSIVE;
				CLANG_CXX_LANGUAGE_STANDARD = "gnu++20";
				CLANG_ENABLE_MODULES = YES;
				CLANG_ENABLE_OBJC_ARC = YES;
				CLANG_ENABLE_OBJC_WEAK = YES;
				CLANG_WARN_BLOCK_CAPTURE_AUTORELEASING = YES;
				CLANG_WARN_BOOL_CONVERSION = YES;
				CLANG_WARN_COMMA = YES;
				CLANG_WARN_CONSTANT_CONVERSION = YES;
				CLANG_WARN_DEPRECATED_OBJC_IMPLEMENTATIONS = YES;
				CLANG_WARN_DIRECT_OBJC_ISA_USAGE = YES_ERROR;
				CLANG_WARN_DOCUMENTATION_COMMENTS = YES;
				CLANG_WARN_EMPTY_BODY = YES;
				CLANG_WARN_ENUM_CONVERSION = YES;
				CLANG_WARN_INFINITE_RECURSION = YES;
				CLANG_WARN_INT_CONVERSION = YES;
				CLANG_WARN_NON_LITERAL_NULL_CONVERSION = YES;
				CLANG_WARN_OBJC_IMPLICIT_RETAIN_SELF = YES;
				CLANG_WARN_OBJC_LITERAL_CONVERSION = YES;
				CLANG_WARN_OBJC_ROOT_CLASS = YES_ERROR;
				CLANG_WARN_QUOTED_INCLUDE_IN_FRAMEWORK_HEADER = YES;
				CLANG_WARN_RANGE_LOOP_ANALYSIS = YES;
				CLANG_WARN_STRICT_PROTOTYPES = YES;
				CLANG_WARN_SUSPICIOUS_MOVE = YES;
				CLANG_WARN_UNGUARDED_AVAILABILITY = YES_AGGRESSIVE;
				CLANG_WARN_UNREACHABLE_CODE = YES;
				CLANG_WARN__DUPLICATE_METHOD_MATCH = YES;
				COPY_PHASE_STRIP = NO;
				DEBUG_INFORMATION_FORMAT = "dwarf-with-dsym";
				ENABLE_NS_ASSERTIONS = NO;
				ENABLE_STRICT_OBJC_MSGSEND = YES;
				GCC_C_LANGUAGE_STANDARD = gnu11;
				GCC_NO_COMMON_BLOCKS = YES;
				GCC_WARN_64_TO_32_BIT_CONVERSION = YES;
				GCC_WARN_ABOUT_RETURN_TYPE = YES_ERROR;
				GCC_WARN_UNDECLARED_SELECTOR = YES;
				GCC_WARN_UNINITIALIZED_AUTOS = YES_AGGRESSIVE;
				GCC_WARN_UNUSED_FUNCTION = YES;
				GCC_WARN_UNUSED_VARIABLE = YES;
				IPHONEOS_DEPLOYMENT_TARGET = 13.0;
				MTL_ENABLE_DEBUG_INFO = NO;
				MTL_FAST_MATH = YES;
				SDKROOT = iphoneos;
				SWIFT_COMPILATION_MODE = wholemodule;
				SWIFT_OPTIMIZATION_LEVEL = "-O";
				VALIDATE_PRODUCT = YES;
			};
			name = Release;
		};
		F4AC20B92A04430C000B8F7A /* Debug */ = {
			isa = XCBuildConfiguration;
			buildSettings = {
				ASSETCATALOG_COMPILER_APPICON_NAME = AppIcon;
				ASSETCATALOG_COMPILER_GLOBAL_ACCENT_COLOR_NAME = AccentColor;
				CODE_SIGN_STYLE = Automatic;
				CURRENT_PROJECT_VERSION = 1;
				DEVELOPMENT_TEAM = 2SVAZBMBHL;
				GENERATE_INFOPLIST_FILE = YES;
				INFOPLIST_FILE = ImageFeed/Info.plist;
				INFOPLIST_KEY_UIApplicationSupportsIndirectInputEvents = YES;
				INFOPLIST_KEY_UILaunchStoryboardName = LaunchScreen;
				INFOPLIST_KEY_UIMainStoryboardFile = Main;
				INFOPLIST_KEY_UISupportedInterfaceOrientations = UIInterfaceOrientationPortrait;
				INFOPLIST_KEY_UISupportedInterfaceOrientations_iPad = "UIInterfaceOrientationLandscapeLeft UIInterfaceOrientationLandscapeRight UIInterfaceOrientationPortrait UIInterfaceOrientationPortraitUpsideDown";
				IPHONEOS_DEPLOYMENT_TARGET = 13.0;
				LD_RUNPATH_SEARCH_PATHS = (
					"$(inherited)",
					"@executable_path/Frameworks",
				);
				MARKETING_VERSION = 1.0;
				PRODUCT_BUNDLE_IDENTIFIER = ru.s4fonovoleg.ImageFeed;
				PRODUCT_NAME = "$(TARGET_NAME)";
				SUPPORTED_PLATFORMS = "iphoneos iphonesimulator";
				SUPPORTS_MACCATALYST = NO;
				SUPPORTS_MAC_DESIGNED_FOR_IPHONE_IPAD = NO;
				SWIFT_EMIT_LOC_STRINGS = YES;
				SWIFT_VERSION = 5.0;
				TARGETED_DEVICE_FAMILY = 1;
			};
			name = Debug;
		};
		F4AC20BA2A04430C000B8F7A /* Release */ = {
			isa = XCBuildConfiguration;
			buildSettings = {
				ASSETCATALOG_COMPILER_APPICON_NAME = AppIcon;
				ASSETCATALOG_COMPILER_GLOBAL_ACCENT_COLOR_NAME = AccentColor;
				CODE_SIGN_STYLE = Automatic;
				CURRENT_PROJECT_VERSION = 1;
				DEVELOPMENT_TEAM = 2SVAZBMBHL;
				GENERATE_INFOPLIST_FILE = YES;
				INFOPLIST_FILE = ImageFeed/Info.plist;
				INFOPLIST_KEY_UIApplicationSupportsIndirectInputEvents = YES;
				INFOPLIST_KEY_UILaunchStoryboardName = LaunchScreen;
				INFOPLIST_KEY_UIMainStoryboardFile = Main;
				INFOPLIST_KEY_UISupportedInterfaceOrientations = UIInterfaceOrientationPortrait;
				INFOPLIST_KEY_UISupportedInterfaceOrientations_iPad = "UIInterfaceOrientationLandscapeLeft UIInterfaceOrientationLandscapeRight UIInterfaceOrientationPortrait UIInterfaceOrientationPortraitUpsideDown";
				IPHONEOS_DEPLOYMENT_TARGET = 13.0;
				LD_RUNPATH_SEARCH_PATHS = (
					"$(inherited)",
					"@executable_path/Frameworks",
				);
				MARKETING_VERSION = 1.0;
				PRODUCT_BUNDLE_IDENTIFIER = ru.s4fonovoleg.ImageFeed;
				PRODUCT_NAME = "$(TARGET_NAME)";
				SUPPORTED_PLATFORMS = "iphoneos iphonesimulator";
				SUPPORTS_MACCATALYST = NO;
				SUPPORTS_MAC_DESIGNED_FOR_IPHONE_IPAD = NO;
				SWIFT_EMIT_LOC_STRINGS = YES;
				SWIFT_VERSION = 5.0;
				TARGETED_DEVICE_FAMILY = 1;
			};
			name = Release;
		};
		F4C2B8292A6C075800DEB74F /* Debug */ = {
			isa = XCBuildConfiguration;
			buildSettings = {
				BUNDLE_LOADER = "$(TEST_HOST)";
				CODE_SIGN_STYLE = Automatic;
				CURRENT_PROJECT_VERSION = 1;
				DEVELOPMENT_TEAM = 2SVAZBMBHL;
				GENERATE_INFOPLIST_FILE = YES;
				IPHONEOS_DEPLOYMENT_TARGET = 16.4;
				MARKETING_VERSION = 1.0;
				PRODUCT_BUNDLE_IDENTIFIER = ru.s4fonovoleg.ImageFeedTests;
				PRODUCT_NAME = "$(TARGET_NAME)";
				SWIFT_EMIT_LOC_STRINGS = NO;
				SWIFT_VERSION = 5.0;
				TARGETED_DEVICE_FAMILY = "1,2";
				TEST_HOST = "$(BUILT_PRODUCTS_DIR)/ImageFeed.app/$(BUNDLE_EXECUTABLE_FOLDER_PATH)/ImageFeed";
			};
			name = Debug;
		};
		F4C2B82A2A6C075800DEB74F /* Release */ = {
			isa = XCBuildConfiguration;
			buildSettings = {
				BUNDLE_LOADER = "$(TEST_HOST)";
				CODE_SIGN_STYLE = Automatic;
				CURRENT_PROJECT_VERSION = 1;
				DEVELOPMENT_TEAM = 2SVAZBMBHL;
				GENERATE_INFOPLIST_FILE = YES;
				IPHONEOS_DEPLOYMENT_TARGET = 16.4;
				MARKETING_VERSION = 1.0;
				PRODUCT_BUNDLE_IDENTIFIER = ru.s4fonovoleg.ImageFeedTests;
				PRODUCT_NAME = "$(TARGET_NAME)";
				SWIFT_EMIT_LOC_STRINGS = NO;
				SWIFT_VERSION = 5.0;
				TARGETED_DEVICE_FAMILY = "1,2";
				TEST_HOST = "$(BUILT_PRODUCTS_DIR)/ImageFeed.app/$(BUNDLE_EXECUTABLE_FOLDER_PATH)/ImageFeed";
			};
			name = Release;
		};
/* End XCBuildConfiguration section */

/* Begin XCConfigurationList section */
		F4AC209F2A04430A000B8F7A /* Build configuration list for PBXProject "ImageFeed" */ = {
			isa = XCConfigurationList;
			buildConfigurations = (
				F4AC20B62A04430C000B8F7A /* Debug */,
				F4AC20B72A04430C000B8F7A /* Release */,
			);
			defaultConfigurationIsVisible = 0;
			defaultConfigurationName = Release;
		};
		F4AC20B82A04430C000B8F7A /* Build configuration list for PBXNativeTarget "ImageFeed" */ = {
			isa = XCConfigurationList;
			buildConfigurations = (
				F4AC20B92A04430C000B8F7A /* Debug */,
				F4AC20BA2A04430C000B8F7A /* Release */,
			);
			defaultConfigurationIsVisible = 0;
			defaultConfigurationName = Release;
		};
		F4C2B82B2A6C075800DEB74F /* Build configuration list for PBXNativeTarget "ImageFeedTests" */ = {
			isa = XCConfigurationList;
			buildConfigurations = (
				F4C2B8292A6C075800DEB74F /* Debug */,
				F4C2B82A2A6C075800DEB74F /* Release */,
			);
			defaultConfigurationIsVisible = 0;
			defaultConfigurationName = Release;
		};
/* End XCConfigurationList section */

/* Begin XCRemoteSwiftPackageReference section */
		F473E3232A61B275002884AB /* XCRemoteSwiftPackageReference "Kingfisher" */ = {
			isa = XCRemoteSwiftPackageReference;
			repositoryURL = "https://github.com/onevcat/Kingfisher";
			requirement = {
				kind = upToNextMajorVersion;
				minimumVersion = 7.0.0;
			};
		};
		F473E3262A659C58002884AB /* XCRemoteSwiftPackageReference "SwiftKeychainWrapper" */ = {
			isa = XCRemoteSwiftPackageReference;
			repositoryURL = "https://github.com/jrendel/SwiftKeychainWrapper";
			requirement = {
				kind = upToNextMajorVersion;
				minimumVersion = 4.0.0;
			};
		};
		F4D714752A489F740087A0AF /* XCRemoteSwiftPackageReference "ProgressHUD" */ = {
			isa = XCRemoteSwiftPackageReference;
			repositoryURL = "https://github.com/relatedcode/ProgressHUD";
			requirement = {
				kind = exactVersion;
				version = 13.6.2;
			};
		};
/* End XCRemoteSwiftPackageReference section */

/* Begin XCSwiftPackageProductDependency section */
		F473E3242A61B275002884AB /* Kingfisher */ = {
			isa = XCSwiftPackageProductDependency;
			package = F473E3232A61B275002884AB /* XCRemoteSwiftPackageReference "Kingfisher" */;
			productName = Kingfisher;
		};
		F473E3272A659C59002884AB /* SwiftKeychainWrapper */ = {
			isa = XCSwiftPackageProductDependency;
			package = F473E3262A659C58002884AB /* XCRemoteSwiftPackageReference "SwiftKeychainWrapper" */;
			productName = SwiftKeychainWrapper;
		};
		F4D714762A489F740087A0AF /* ProgressHUD */ = {
			isa = XCSwiftPackageProductDependency;
			package = F4D714752A489F740087A0AF /* XCRemoteSwiftPackageReference "ProgressHUD" */;
			productName = ProgressHUD;
		};
/* End XCSwiftPackageProductDependency section */
	};
	rootObject = F4AC209C2A04430A000B8F7A /* Project object */;
}
